
Microsoft Visual Studio Solution File, Format Version 12.00
# Visual Studio Version 16
VisualStudioVersion = 16.0.30523.141
MinimumVisualStudioVersion = 10.0.40219.1
Project("{FAE04EC0-301F-11D3-BF4B-00C04F79EFBC}") = "01_TypesAndVariables", "01_TypesAndVariables\01_TypesAndVariables.csproj", "{94D6A68E-C4EF-4786-92AF-CE4AFA32B1C7}"
EndProject
Project("{FAE04EC0-301F-11D3-BF4B-00C04F79EFBC}") = "02_Operators", "02_Operators\02_Operators.csproj", "{740816E9-C8F1-425F-9A99-ECAE1CEA2D76}"
EndProject
Project("{FAE04EC0-301F-11D3-BF4B-00C04F79EFBC}") = "03_Conditionals", "03_Conditionals\03_Conditionals.csproj", "{C614136C-49A4-4161-8AAD-24E1E2B09C8E}"
EndProject
Project("{FAE04EC0-301F-11D3-BF4B-00C04F79EFBC}") = "04_Loops", "Loops\04_Loops.csproj", "{D2E275AB-F363-4711-BACC-B204B16E1CFE}"
EndProject
Project("{FAE04EC0-301F-11D3-BF4B-00C04F79EFBC}") = "05_Classes", "05_Classes\05_Classes.csproj", "{68D69B56-87DE-4243-B122-524E41A654FD}"
EndProject
Global
	GlobalSection(SolutionConfigurationPlatforms) = preSolution
		Debug|Any CPU = Debug|Any CPU
		Release|Any CPU = Release|Any CPU
	EndGlobalSection
	GlobalSection(ProjectConfigurationPlatforms) = postSolution
		{94D6A68E-C4EF-4786-92AF-CE4AFA32B1C7}.Debug|Any CPU.ActiveCfg = Debug|Any CPU
		{94D6A68E-C4EF-4786-92AF-CE4AFA32B1C7}.Debug|Any CPU.Build.0 = Debug|Any CPU
		{94D6A68E-C4EF-4786-92AF-CE4AFA32B1C7}.Release|Any CPU.ActiveCfg = Release|Any CPU
		{94D6A68E-C4EF-4786-92AF-CE4AFA32B1C7}.Release|Any CPU.Build.0 = Release|Any CPU
		{740816E9-C8F1-425F-9A99-ECAE1CEA2D76}.Debug|Any CPU.ActiveCfg = Debug|Any CPU
		{740816E9-C8F1-425F-9A99-ECAE1CEA2D76}.Debug|Any CPU.Build.0 = Debug|Any CPU
		{740816E9-C8F1-425F-9A99-ECAE1CEA2D76}.Release|Any CPU.ActiveCfg = Release|Any CPU
		{740816E9-C8F1-425F-9A99-ECAE1CEA2D76}.Release|Any CPU.Build.0 = Release|Any CPU
		{C614136C-49A4-4161-8AAD-24E1E2B09C8E}.Debug|Any CPU.ActiveCfg = Debug|Any CPU
		{C614136C-49A4-4161-8AAD-24E1E2B09C8E}.Debug|Any CPU.Build.0 = Debug|Any CPU
		{C614136C-49A4-4161-8AAD-24E1E2B09C8E}.Release|Any CPU.ActiveCfg = Release|Any CPU
		{C614136C-49A4-4161-8AAD-24E1E2B09C8E}.Release|Any CPU.Build.0 = Release|Any CPU
		{D2E275AB-F363-4711-BACC-B204B16E1CFE}.Debug|Any CPU.ActiveCfg = Debug|Any CPU
		{D2E275AB-F363-4711-BACC-B204B16E1CFE}.Debug|Any CPU.Build.0 = Debug|Any CPU
		{D2E275AB-F363-4711-BACC-B204B16E1CFE}.Release|Any CPU.ActiveCfg = Release|Any CPU
		{D2E275AB-F363-4711-BACC-B204B16E1CFE}.Release|Any CPU.Build.0 = Release|Any CPU
		{68D69B56-87DE-4243-B122-524E41A654FD}.Debug|Any CPU.ActiveCfg = Debug|Any CPU
		{68D69B56-87DE-4243-B122-524E41A654FD}.Debug|Any CPU.Build.0 = Debug|Any CPU
		{68D69B56-87DE-4243-B122-524E41A654FD}.Release|Any CPU.ActiveCfg = Release|Any CPU
		{68D69B56-87DE-4243-B122-524E41A654FD}.Release|Any CPU.Build.0 = Release|Any CPU
	EndGlobalSection
	GlobalSection(SolutionProperties) = preSolution
		HideSolutionNode = FALSE
	EndGlobalSection
	GlobalSection(ExtensibilityGlobals) = postSolution
		SolutionGuid = {D00A9321-D749-4702-A0FC-CB7FE89CD781}
	EndGlobalSection
EndGlobal
